<Solution>
  <Folder Name="/src/">
    <Project Path="src/UiSharp.Core/UiSharp.Core.csproj" />
    <Project Path="src/UiSharp.Windows/UiSharp.Windows.csproj" />
    <Project Path="src/UiSharp.UI/UiSharp.UI.csproj" />
    <Project Path="src/UiSharp.Editing/UiSharp.Editing.csproj" />
    <Project Path="src/UiSharp.Diagnostics/UiSharp.Diagnostics.csproj" />
    <Project Path="src/UiSharp/UiSharp.csproj" />
    <Project Path="src/UiSharp.Core.Tests/UiSharp.Core.Tests.csproj" />
    <Project Path="src/UiSharp.Windows.Tests/UiSharp.Windows.Tests.csproj" />
    <Project Path="src/UiSharp.Editing.Tests/UiSharp.Editing.Tests.csproj" />
    <Project Path="src/UiSharp.Diagnostics.Tests/UiSharp.Diagnostics.Tests.csproj" />
    <Project Path="src/UiSharp.UI.Tests/UiSharp.UI.Tests.csproj" />
  </Folder>
  <Folder Name="/tools/">
    <Project Path="tools/gUISharp/gUISharp.csproj">
      <Platform Solution="Debug|Any CPU"   Project="x64" />
      <Platform Solution="Release|Any CPU" Project="x64" />
    </Project>
  </Folder>
</Solution>
