<Solution>
  <Folder Name="/src/">
    <Project Path="src/UIpp.Core/UIpp.Core.csproj" />
    <Project Path="src/UIpp.Windows/UIpp.Windows.csproj" />
    <Project Path="src/UIpp.UI/UIpp.UI.csproj" />
    <Project Path="src/UIpp/UIpp.csproj" />
    <Project Path="src/UIpp.Core.Tests/UIpp.Core.Tests.csproj" />
    <Project Path="src/UIpp.Windows.Tests/UIpp.Windows.Tests.csproj" />
  </Folder>
  <Folder Name="/tools/">
    <Project Path="tools/gUISharp/gUISharp.csproj" />
  </Folder>
</Solution>
